{
  "name": "website",
  "version": "1.0.0",
  "lockfileVersion": 1,
  "requires": true,
  "dependencies": {
    "@improbable-eng/grpc-web": {
      "version": "0.15.0",
      "resolved": "https://mirrors.tencent.com/npm/@improbable-eng%2fgrpc-web/-/grpc-web-0.15.0.tgz",
      "integrity": "sha512-ERft9/0/8CmYalqOVnJnpdDry28q+j+nAlFFARdjyxXDJ+Mhgv9+F600QC8BR9ygOfrXRlAk6CvST2j+JCpQPg==",
      "requires": {
        "browser-headers": "^0.4.1"
      }
    },
    "@types/google-protobuf": {
      "version": "3.15.5",
      "resolved": "https://mirrors.tencent.com/npm/@types%2fgoogle-protobuf/-/google-protobuf-3.15.5.tgz",
      "integrity": "sha512-6bgv24B+A2bo9AfzReeg5StdiijKzwwnRflA8RLd1V4Yv995LeTmo0z69/MPbBDFSiZWdZHQygLo/ccXhMEDgw=="
    },
    "browser-headers": {
      "version": "0.4.1",
      "resolved": "https://mirrors.tencent.com/npm/browser-headers/-/browser-headers-0.4.1.tgz",
      "integrity": "sha512-CA9hsySZVo9371qEHjHZtYxV2cFtVj5Wj/ZHi8ooEsrtm4vOnl9Y9HmyYWk9q+05d7K3rdoAE0j3MVEFVvtQtg=="
    },
    "google-protobuf": {
      "version": "3.19.4",
      "resolved": "https://mirrors.tencent.com/npm/google-protobuf/-/google-protobuf-3.19.4.tgz",
      "integrity": "sha512-OIPNCxsG2lkIvf+P5FNfJ/Km95CsXOBecS9ZcAU6m2Rq3svc0Apl9nB3GMDNKfQ9asNv4KjyAqGwPQFrVle3Yg=="
    },
    "grpc-web": {
      "version": "1.3.1",
      "resolved": "https://mirrors.tencent.com/npm/grpc-web/-/grpc-web-1.3.1.tgz",
      "integrity": "sha512-VxyYEAGsatecAFY3xieRDzsuhm92yQBsJD7fd5Z3MY150hZWPwkrUWetzJ0QK5W0uym4+VedPQrei38wk0eIjQ=="
    },
    "protoc-gen-ts": {
      "version": "0.8.2",
      "resolved": "https://mirrors.tencent.com/npm/protoc-gen-ts/-/protoc-gen-ts-0.8.2.tgz",
      "integrity": "sha512-KRHMRLQqhDnaGq31qLDxhW4vcGmPqS2NS1XflDJyUBt2G6Egy9exBKFA2leyDgRab0BBRshoSXpJMkqmRtoQ6w=="
    },
    "typescript": {
      "version": "4.5.5",
      "resolved": "https://mirrors.tencent.com/npm/typescript/-/typescript-4.5.5.tgz",
      "integrity": "sha512-TCTIul70LyWe6IJWT8QSYeA54WQe8EjQFU4wY52Fasj5UKx88LNYKCgBEHcOMOrFF1rKGbD8v/xcNWVUq9SymA=="
    }
  }
}
